
Microsoft Visual Studio Solution File, Format Version 12.00
# Visual Studio Version 17
VisualStudioVersion = 17.5.33516.290
MinimumVisualStudioVersion = 10.0.40219.1
Project("{FAE04EC0-301F-11D3-BF4B-00C04F79EFBC}") = "lab_3.Task_6", "lab_3.Task_6\lab_3.Task_6.csproj", "{9629314B-30D5-4981-924A-8A3E63A8E13D}"
EndProject
Global
	GlobalSection(SolutionConfigurationPlatforms) = preSolution
		Debug|Any CPU = Debug|Any CPU
		Release|Any CPU = Release|Any CPU
	EndGlobalSection
	GlobalSection(ProjectConfigurationPlatforms) = postSolution
		{9629314B-30D5-4981-924A-8A3E63A8E13D}.Debug|Any CPU.ActiveCfg = Debug|Any CPU
		{9629314B-30D5-4981-924A-8A3E63A8E13D}.Debug|Any CPU.Build.0 = Debug|Any CPU
		{9629314B-30D5-4981-924A-8A3E63A8E13D}.Release|Any CPU.ActiveCfg = Release|Any CPU
		{9629314B-30D5-4981-924A-8A3E63A8E13D}.Release|Any CPU.Build.0 = Release|Any CPU
	EndGlobalSection
	GlobalSection(SolutionProperties) = preSolution
		HideSolutionNode = FALSE
	EndGlobalSection
	GlobalSection(ExtensibilityGlobals) = postSolution
		SolutionGuid = {A4194AE3-C8A6-4C26-8E0F-ED99C62434BD}
	EndGlobalSection
EndGlobal
